
Microsoft Visual Studio Solution File, Format Version 12.00
# Visual Studio 15
VisualStudioVersion = 15.0.26124.0
MinimumVisualStudioVersion = 15.0.26124.0
Project("{FAE04EC0-301F-11D3-BF4B-00C04F79EFBC}") = "SHOP.API", "SHOP.API\SHOP.API.csproj", "{ED144B98-4DD5-490D-AD37-C4F165982BF1}"
EndProject
Project("{FAE04EC0-301F-11D3-BF4B-00C04F79EFBC}") = "SHOP.Core", "SHOP.Core\SHOP.Core.csproj", "{F18CBEC0-F2AE-420E-92EE-F33C3008C6A0}"
EndProject
Project("{FAE04EC0-301F-11D3-BF4B-00C04F79EFBC}") = "SHOP.Infrastructure", "SHOP.Infrastructure\SHOP.Infrastructure.csproj", "{2D24EBDA-20EB-4534-B0EC-CCBE2B3A6FD9}"
EndProject
Project("{FAE04EC0-301F-11D3-BF4B-00C04F79EFBC}") = "SHOP.CronJobs", "SHOP.CronJobs\SHOP.CronJobs.csproj", "{C8303FA7-6F17-47DD-9D8E-E9DFD5B76428}"
EndProject
Global
	GlobalSection(SolutionConfigurationPlatforms) = preSolution
		Debug|Any CPU = Debug|Any CPU
		Debug|x64 = Debug|x64
		Debug|x86 = Debug|x86
		Release|Any CPU = Release|Any CPU
		Release|x64 = Release|x64
		Release|x86 = Release|x86
	EndGlobalSection
	GlobalSection(SolutionProperties) = preSolution
		HideSolutionNode = FALSE
	EndGlobalSection
	GlobalSection(ProjectConfigurationPlatforms) = postSolution
		{ED144B98-4DD5-490D-AD37-C4F165982BF1}.Debug|Any CPU.ActiveCfg = Debug|Any CPU
		{ED144B98-4DD5-490D-AD37-C4F165982BF1}.Debug|Any CPU.Build.0 = Debug|Any CPU
		{ED144B98-4DD5-490D-AD37-C4F165982BF1}.Debug|x64.ActiveCfg = Debug|Any CPU
		{ED144B98-4DD5-490D-AD37-C4F165982BF1}.Debug|x64.Build.0 = Debug|Any CPU
		{ED144B98-4DD5-490D-AD37-C4F165982BF1}.Debug|x86.ActiveCfg = Debug|Any CPU
		{ED144B98-4DD5-490D-AD37-C4F165982BF1}.Debug|x86.Build.0 = Debug|Any CPU
		{ED144B98-4DD5-490D-AD37-C4F165982BF1}.Release|Any CPU.ActiveCfg = Release|Any CPU
		{ED144B98-4DD5-490D-AD37-C4F165982BF1}.Release|Any CPU.Build.0 = Release|Any CPU
		{ED144B98-4DD5-490D-AD37-C4F165982BF1}.Release|x64.ActiveCfg = Release|Any CPU
		{ED144B98-4DD5-490D-AD37-C4F165982BF1}.Release|x64.Build.0 = Release|Any CPU
		{ED144B98-4DD5-490D-AD37-C4F165982BF1}.Release|x86.ActiveCfg = Release|Any CPU
		{ED144B98-4DD5-490D-AD37-C4F165982BF1}.Release|x86.Build.0 = Release|Any CPU
		{F18CBEC0-F2AE-420E-92EE-F33C3008C6A0}.Debug|Any CPU.ActiveCfg = Debug|Any CPU
		{F18CBEC0-F2AE-420E-92EE-F33C3008C6A0}.Debug|Any CPU.Build.0 = Debug|Any CPU
		{F18CBEC0-F2AE-420E-92EE-F33C3008C6A0}.Debug|x64.ActiveCfg = Debug|Any CPU
		{F18CBEC0-F2AE-420E-92EE-F33C3008C6A0}.Debug|x64.Build.0 = Debug|Any CPU
		{F18CBEC0-F2AE-420E-92EE-F33C3008C6A0}.Debug|x86.ActiveCfg = Debug|Any CPU
		{F18CBEC0-F2AE-420E-92EE-F33C3008C6A0}.Debug|x86.Build.0 = Debug|Any CPU
		{F18CBEC0-F2AE-420E-92EE-F33C3008C6A0}.Release|Any CPU.ActiveCfg = Release|Any CPU
		{F18CBEC0-F2AE-420E-92EE-F33C3008C6A0}.Release|Any CPU.Build.0 = Release|Any CPU
		{F18CBEC0-F2AE-420E-92EE-F33C3008C6A0}.Release|x64.ActiveCfg = Release|Any CPU
		{F18CBEC0-F2AE-420E-92EE-F33C3008C6A0}.Release|x64.Build.0 = Release|Any CPU
		{F18CBEC0-F2AE-420E-92EE-F33C3008C6A0}.Release|x86.ActiveCfg = Release|Any CPU
		{F18CBEC0-F2AE-420E-92EE-F33C3008C6A0}.Release|x86.Build.0 = Release|Any CPU
		{2D24EBDA-20EB-4534-B0EC-CCBE2B3A6FD9}.Debug|Any CPU.ActiveCfg = Debug|Any CPU
		{2D24EBDA-20EB-4534-B0EC-CCBE2B3A6FD9}.Debug|Any CPU.Build.0 = Debug|Any CPU
		{2D24EBDA-20EB-4534-B0EC-CCBE2B3A6FD9}.Debug|x64.ActiveCfg = Debug|Any CPU
		{2D24EBDA-20EB-4534-B0EC-CCBE2B3A6FD9}.Debug|x64.Build.0 = Debug|Any CPU
		{2D24EBDA-20EB-4534-B0EC-CCBE2B3A6FD9}.Debug|x86.ActiveCfg = Debug|Any CPU
		{2D24EBDA-20EB-4534-B0EC-CCBE2B3A6FD9}.Debug|x86.Build.0 = Debug|Any CPU
		{2D24EBDA-20EB-4534-B0EC-CCBE2B3A6FD9}.Release|Any CPU.ActiveCfg = Release|Any CPU
		{2D24EBDA-20EB-4534-B0EC-CCBE2B3A6FD9}.Release|Any CPU.Build.0 = Release|Any CPU
		{2D24EBDA-20EB-4534-B0EC-CCBE2B3A6FD9}.Release|x64.ActiveCfg = Release|Any CPU
		{2D24EBDA-20EB-4534-B0EC-CCBE2B3A6FD9}.Release|x64.Build.0 = Release|Any CPU
		{2D24EBDA-20EB-4534-B0EC-CCBE2B3A6FD9}.Release|x86.ActiveCfg = Release|Any CPU
		{2D24EBDA-20EB-4534-B0EC-CCBE2B3A6FD9}.Release|x86.Build.0 = Release|Any CPU
		{C8303FA7-6F17-47DD-9D8E-E9DFD5B76428}.Debug|Any CPU.ActiveCfg = Debug|Any CPU
		{C8303FA7-6F17-47DD-9D8E-E9DFD5B76428}.Debug|Any CPU.Build.0 = Debug|Any CPU
		{C8303FA7-6F17-47DD-9D8E-E9DFD5B76428}.Debug|x64.ActiveCfg = Debug|Any CPU
		{C8303FA7-6F17-47DD-9D8E-E9DFD5B76428}.Debug|x64.Build.0 = Debug|Any CPU
		{C8303FA7-6F17-47DD-9D8E-E9DFD5B76428}.Debug|x86.ActiveCfg = Debug|Any CPU
		{C8303FA7-6F17-47DD-9D8E-E9DFD5B76428}.Debug|x86.Build.0 = Debug|Any CPU
		{C8303FA7-6F17-47DD-9D8E-E9DFD5B76428}.Release|Any CPU.ActiveCfg = Release|Any CPU
		{C8303FA7-6F17-47DD-9D8E-E9DFD5B76428}.Release|Any CPU.Build.0 = Release|Any CPU
		{C8303FA7-6F17-47DD-9D8E-E9DFD5B76428}.Release|x64.ActiveCfg = Release|Any CPU
		{C8303FA7-6F17-47DD-9D8E-E9DFD5B76428}.Release|x64.Build.0 = Release|Any CPU
		{C8303FA7-6F17-47DD-9D8E-E9DFD5B76428}.Release|x86.ActiveCfg = Release|Any CPU
		{C8303FA7-6F17-47DD-9D8E-E9DFD5B76428}.Release|x86.Build.0 = Release|Any CPU
	EndGlobalSection
EndGlobal
